github.com/hugomods/icons v0.6.6 h1:gGlafcBDRP7sSID+tgLcWdog+s/QBj8DIfU+h9tZj1U=
github.com/hugomods/icons v0.6.6/go.mod h1:cIkSvK6W0q6N4U6n9KGz+QfRWQXAW0INd+1P31gPNGg=
github.com/hugomods/icons/vendors/bootstrap v0.5.9 h1:IlKsW1iybTNZLYnMipyc2d9w51rUtu89lPMkocGaP6c=
github.com/hugomods/icons/vendors/bootstrap v0.5.9/go.mod h1:DuB5N1o3GCUyvYFnEeBvJRBrCHqbMWEbjoEWVLULggw=
github.com/hugomods/icons/vendors/font-awesome v0.6.12 h1:I8ckJFuxr8mD8bJ4NX9NrmnHd3f6XvITuD2ME8a9wXc=
github.com/hugomods/icons/vendors/font-awesome v0.6.12/go.mod h1:6YBo/5GaNpAocKwnKNWcd9xkliiRJXmwz2mstY5lr9I=
github.com/hugomods/icons/vendors/lucide v0.3.40 h1:lNaY9NqFgBmSCUzJkw7xlcGUUWwlDy70gDGyKXgsHV8=
github.com/hugomods/icons/vendors/lucide v0.3.40/go.mod h1:tgIPafbcACqfXEU1fc/TEx+hdKr7m7iDHZEgAKRkDJM=
github.com/hugomods/icons/vendors/simple-icons v1.0.60 h1:cfAx6+n6XQfEOoGIzdLqRQzGzfc3xq5Sjy3Hx1oUrDs=
github.com/hugomods/icons/vendors/simple-icons v1.0.60/go.mod h1:/skqfU1fJ+WnPV8nX3sP2yTBJc7PLMdciMp8qNXDKYU=
